// !$*UTF8*$!
{
	archiveVersion = 1;
	classes = {
	};
	objectVersion = 50;
	objects = {

/* Begin PBXBuildFile section */
		1B25997921BB8FC200DB4F6C /* Assets.xcassets in Resources */ = {isa = PBXBuildFile; fileRef = 1B25997821BB8FBD00DB4F6C /* Assets.xcassets */; };
		1B4F778C216EEA080045C8FE /* AppDelegate.swift in Sources */ = {isa = PBXBuildFile; fileRef = 1B4F778B216EEA080045C8FE /* AppDelegate.swift */; };
		1B4F778E216EEA080045C8FE /* ViewController.swift in Sources */ = {isa = PBXBuildFile; fileRef = 1B4F778D216EEA080045C8FE /* ViewController.swift */; };
		1B4F7791216EEA080045C8FE /* Main.storyboard in Resources */ = {isa = PBXBuildFile; fileRef = 1B4F778F216EEA080045C8FE /* Main.storyboard */; };
		1B4F7796216EEA0A0045C8FE /* LaunchScreen.storyboard in Resources */ = {isa = PBXBuildFile; fileRef = 1B4F7794216EEA0A0045C8FE /* LaunchScreen.storyboard */; };
		1B4F77A1216EEA0A0045C8FE /* App2Tests.swift in Sources */ = {isa = PBXBuildFile; fileRef = 1B4F77A0216EEA0A0045C8FE /* App2Tests.swift */; };
		1B4F77AC216EEA0A0045C8FE /* App2UITests.swift in Sources */ = {isa = PBXBuildFile; fileRef = 1B4F77AB216EEA0A0045C8FE /* App2UITests.swift */; };
		1B4F77BA216F16390045C8FE /* MainViewController.swift in Sources */ = {isa = PBXBuildFile; fileRef = 1B4F77B9216F16390045C8FE /* MainViewController.swift */; };
		1B4F77BB216F16390045C8FE /* MainViewController.swift in Sources */ = {isa = PBXBuildFile; fileRef = 1B4F77B9216F16390045C8FE /* MainViewController.swift */; };
		1B4F77BD216F27430045C8FE /* Image.imageset in Resources */ = {isa = PBXBuildFile; fileRef = 1B4F77BC216F27430045C8FE /* Image.imageset */; };
		1B4F77BE216F27430045C8FE /* Image.imageset in Resources */ = {isa = PBXBuildFile; fileRef = 1B4F77BC216F27430045C8FE /* Image.imageset */; };
		1B4F77C3216F29AD0045C8FE /* FormController.swift in Sources */ = {isa = PBXBuildFile; fileRef = 1B4F77C2216F29AD0045C8FE /* FormController.swift */; };
		1B4F77C4216F29AD0045C8FE /* FormController.swift in Sources */ = {isa = PBXBuildFile; fileRef = 1B4F77C2216F29AD0045C8FE /* FormController.swift */; };
		1B4F77C6216F29C10045C8FE /* YoutubeController.swift in Sources */ = {isa = PBXBuildFile; fileRef = 1B4F77C5216F29C10045C8FE /* YoutubeController.swift */; };
		1B4F77C7216F29C10045C8FE /* YoutubeController.swift in Sources */ = {isa = PBXBuildFile; fileRef = 1B4F77C5216F29C10045C8FE /* YoutubeController.swift */; };
		1B4F77C9216F29CF0045C8FE /* GalleryController.swift in Sources */ = {isa = PBXBuildFile; fileRef = 1B4F77C8216F29CF0045C8FE /* GalleryController.swift */; };
		1B4F77CA216F29CF0045C8FE /* GalleryController.swift in Sources */ = {isa = PBXBuildFile; fileRef = 1B4F77C8216F29CF0045C8FE /* GalleryController.swift */; };
		1B956904219FB39C0036571A /* TestViewController1.swift in Sources */ = {isa = PBXBuildFile; fileRef = 1B956903219FB39C0036571A /* TestViewController1.swift */; };
		1B956906219FB3E00036571A /* PageViewController.swift in Sources */ = {isa = PBXBuildFile; fileRef = 1B956905219FB3E00036571A /* PageViewController.swift */; };
		1B956908219FB4BA0036571A /* TestViewController2.swift in Sources */ = {isa = PBXBuildFile; fileRef = 1B956907219FB4BA0036571A /* TestViewController2.swift */; };
		1B95690A219FB4CF0036571A /* TestViewController3.swift in Sources */ = {isa = PBXBuildFile; fileRef = 1B956909219FB4CF0036571A /* TestViewController3.swift */; };
		1B97E0C121F181C500EB3C1E /* ColocacionGloboController.swift in Sources */ = {isa = PBXBuildFile; fileRef = 1B97E0C021F181C500EB3C1E /* ColocacionGloboController.swift */; };
		1BB237D7217BAF9A00421554 /* MedicinaEsteticaController.swift in Sources */ = {isa = PBXBuildFile; fileRef = 1BB237D6217BAF9900421554 /* MedicinaEsteticaController.swift */; };
		1BB5C8BD22000C6D0007B7FC /* CDPIntroController.swift in Sources */ = {isa = PBXBuildFile; fileRef = 1BB5C8BC22000C6D0007B7FC /* CDPIntroController.swift */; };
		1BB5C8BF22016DEF0007B7FC /* MECelulitisController.swift in Sources */ = {isa = PBXBuildFile; fileRef = 1BB5C8BE22016DEF0007B7FC /* MECelulitisController.swift */; };
		1BB5C8C122016E850007B7FC /* MEReafirmacionMuslosController.swift in Sources */ = {isa = PBXBuildFile; fileRef = 1BB5C8C022016E850007B7FC /* MEReafirmacionMuslosController.swift */; };
		1BB5C8C322016ECF0007B7FC /* MEReafirmacionBrazosController.swift in Sources */ = {isa = PBXBuildFile; fileRef = 1BB5C8C222016ECF0007B7FC /* MEReafirmacionBrazosController.swift */; };
		1BB5C8C522016EE90007B7FC /* MELevantamientoController.swift in Sources */ = {isa = PBXBuildFile; fileRef = 1BB5C8C422016EE90007B7FC /* MELevantamientoController.swift */; };
		1BB5C8C722016F410007B7FC /* CDPOrangeController.swift in Sources */ = {isa = PBXBuildFile; fileRef = 1BB5C8C622016F410007B7FC /* CDPOrangeController.swift */; };
		1BB5C8C922016F590007B7FC /* CDPMintController.swift in Sources */ = {isa = PBXBuildFile; fileRef = 1BB5C8C822016F590007B7FC /* CDPMintController.swift */; };
		1BB5C8CB220170350007B7FC /* CDPMassageController.swift in Sources */ = {isa = PBXBuildFile; fileRef = 1BB5C8CA220170350007B7FC /* CDPMassageController.swift */; };
		1BB5C8CD2201707A0007B7FC /* CDPHempController.swift in Sources */ = {isa = PBXBuildFile; fileRef = 1BB5C8CC220170790007B7FC /* CDPHempController.swift */; };
		1BB5C8CF2202BB4D0007B7FC /* FileStorageService.swift in Sources */ = {isa = PBXBuildFile; fileRef = 1BB5C8CE2202BB4D0007B7FC /* FileStorageService.swift */; };
		1BBF0FF72186B3DE001381D9 /* EpilepsyController.swift in Sources */ = {isa = PBXBuildFile; fileRef = 1BBF0FF62186B3DE001381D9 /* EpilepsyController.swift */; };
		1BBF0FF921882FFB001381D9 /* AesteticTreatmentsController.swift in Sources */ = {isa = PBXBuildFile; fileRef = 1BBF0FF821882FFB001381D9 /* AesteticTreatmentsController.swift */; };
		1BBF0FFB2188306C001381D9 /* OneTreatmentController.swift in Sources */ = {isa = PBXBuildFile; fileRef = 1BBF0FFA2188306C001381D9 /* OneTreatmentController.swift */; };
		1BBF0FFD218C2A31001381D9 /* CPMOne.swift in Sources */ = {isa = PBXBuildFile; fileRef = 1BBF0FFC218C2A31001381D9 /* CPMOne.swift */; };
		1BBF0FFF218C2A81001381D9 /* CPMMany.swift in Sources */ = {isa = PBXBuildFile; fileRef = 1BBF0FFE218C2A81001381D9 /* CPMMany.swift */; };
		1BEE963B218E27D2005E53BC /* template.html in Resources */ = {isa = PBXBuildFile; fileRef = 1BEE963A218E27D2005E53BC /* template.html */; };
		1BEE963D218E3811005E53BC /* output in Resources */ = {isa = PBXBuildFile; fileRef = 1BEE963C218E3810005E53BC /* output */; };
		1BFE586321F5A959001A89D7 /* Service.swift in Sources */ = {isa = PBXBuildFile; fileRef = 1BFE586221F5A959001A89D7 /* Service.swift */; };
		1BFE586521F60C12001A89D7 /* ServicesDAO.swift in Sources */ = {isa = PBXBuildFile; fileRef = 1BFE586421F60C12001A89D7 /* ServicesDAO.swift */; };
		1BFE586721FCE82F001A89D7 /* AsesoriaNutricionalController.swift in Sources */ = {isa = PBXBuildFile; fileRef = 1BFE586621FCE82F001A89D7 /* AsesoriaNutricionalController.swift */; };
		1BFE586B21FCE8A8001A89D7 /* AparatologiaController.swift in Sources */ = {isa = PBXBuildFile; fileRef = 1BFE586A21FCE8A8001A89D7 /* AparatologiaController.swift */; };
		1BFE586D21FCEE41001A89D7 /* SupervicionMedicaController.swift in Sources */ = {isa = PBXBuildFile; fileRef = 1BFE586C21FCEE41001A89D7 /* SupervicionMedicaController.swift */; };
/* End PBXBuildFile section */

/* Begin PBXContainerItemProxy section */
		1B4F779D216EEA0A0045C8FE /* PBXContainerItemProxy */ = {
			isa = PBXContainerItemProxy;
			containerPortal = 1B4F7780216EEA080045C8FE /* Project object */;
			proxyType = 1;
			remoteGlobalIDString = 1B4F7787216EEA080045C8FE;
			remoteInfo = App2;
		};
		1B4F77A8216EEA0A0045C8FE /* PBXContainerItemProxy */ = {
			isa = PBXContainerItemProxy;
			containerPortal = 1B4F7780216EEA080045C8FE /* Project object */;
			proxyType = 1;
			remoteGlobalIDString = 1B4F7787216EEA080045C8FE;
			remoteInfo = App2;
		};
/* End PBXContainerItemProxy section */

/* Begin PBXFileReference section */
		1B25997821BB8FBD00DB4F6C /* Assets.xcassets */ = {isa = PBXFileReference; lastKnownFileType = folder.assetcatalog; path = Assets.xcassets; sourceTree = "<group>"; };
		1B4F7788216EEA080045C8FE /* App2.app */ = {isa = PBXFileReference; explicitFileType = wrapper.application; includeInIndex = 0; path = App2.app; sourceTree = BUILT_PRODUCTS_DIR; };
		1B4F778B216EEA080045C8FE /* AppDelegate.swift */ = {isa = PBXFileReference; lastKnownFileType = sourcecode.swift; path = AppDelegate.swift; sourceTree = "<group>"; };
		1B4F778D216EEA080045C8FE /* ViewController.swift */ = {isa = PBXFileReference; lastKnownFileType = sourcecode.swift; path = ViewController.swift; sourceTree = "<group>"; };
		1B4F7790216EEA080045C8FE /* Base */ = {isa = PBXFileReference; lastKnownFileType = file.storyboard; name = Base; path = Base.lproj/Main.storyboard; sourceTree = "<group>"; };
		1B4F7795216EEA0A0045C8FE /* Base */ = {isa = PBXFileReference; lastKnownFileType = file.storyboard; name = Base; path = Base.lproj/LaunchScreen.storyboard; sourceTree = "<group>"; };
		1B4F7797216EEA0A0045C8FE /* Info.plist */ = {isa = PBXFileReference; lastKnownFileType = text.plist.xml; path = Info.plist; sourceTree = "<group>"; };
		1B4F779C216EEA0A0045C8FE /* App2Tests.xctest */ = {isa = PBXFileReference; explicitFileType = wrapper.cfbundle; includeInIndex = 0; path = App2Tests.xctest; sourceTree = BUILT_PRODUCTS_DIR; };
		1B4F77A0216EEA0A0045C8FE /* App2Tests.swift */ = {isa = PBXFileReference; lastKnownFileType = sourcecode.swift; path = App2Tests.swift; sourceTree = "<group>"; };
		1B4F77A2216EEA0A0045C8FE /* Info.plist */ = {isa = PBXFileReference; lastKnownFileType = text.plist.xml; path = Info.plist; sourceTree = "<group>"; };
		1B4F77A7216EEA0A0045C8FE /* App2UITests.xctest */ = {isa = PBXFileReference; explicitFileType = wrapper.cfbundle; includeInIndex = 0; path = App2UITests.xctest; sourceTree = BUILT_PRODUCTS_DIR; };
		1B4F77AB216EEA0A0045C8FE /* App2UITests.swift */ = {isa = PBXFileReference; lastKnownFileType = sourcecode.swift; path = App2UITests.swift; sourceTree = "<group>"; };
		1B4F77AD216EEA0A0045C8FE /* Info.plist */ = {isa = PBXFileReference; lastKnownFileType = text.plist.xml; path = Info.plist; sourceTree = "<group>"; };
		1B4F77B9216F16390045C8FE /* MainViewController.swift */ = {isa = PBXFileReference; lastKnownFileType = sourcecode.swift; path = MainViewController.swift; sourceTree = "<group>"; };
		1B4F77BC216F27430045C8FE /* Image.imageset */ = {isa = PBXFileReference; lastKnownFileType = folder; path = Image.imageset; sourceTree = "<group>"; };
		1B4F77C2216F29AD0045C8FE /* FormController.swift */ = {isa = PBXFileReference; lastKnownFileType = sourcecode.swift; path = FormController.swift; sourceTree = "<group>"; };
		1B4F77C5216F29C10045C8FE /* YoutubeController.swift */ = {isa = PBXFileReference; lastKnownFileType = sourcecode.swift; path = YoutubeController.swift; sourceTree = "<group>"; };
		1B4F77C8216F29CF0045C8FE /* GalleryController.swift */ = {isa = PBXFileReference; lastKnownFileType = sourcecode.swift; path = GalleryController.swift; sourceTree = "<group>"; };
		1B956903219FB39C0036571A /* TestViewController1.swift */ = {isa = PBXFileReference; lastKnownFileType = sourcecode.swift; path = TestViewController1.swift; sourceTree = "<group>"; };
		1B956905219FB3E00036571A /* PageViewController.swift */ = {isa = PBXFileReference; lastKnownFileType = sourcecode.swift; path = PageViewController.swift; sourceTree = "<group>"; };
		1B956907219FB4BA0036571A /* TestViewController2.swift */ = {isa = PBXFileReference; lastKnownFileType = sourcecode.swift; path = TestViewController2.swift; sourceTree = "<group>"; };
		1B956909219FB4CF0036571A /* TestViewController3.swift */ = {isa = PBXFileReference; lastKnownFileType = sourcecode.swift; path = TestViewController3.swift; sourceTree = "<group>"; };
		1B97E0C021F181C500EB3C1E /* ColocacionGloboController.swift */ = {isa = PBXFileReference; lastKnownFileType = sourcecode.swift; path = ColocacionGloboController.swift; sourceTree = "<group>"; };
		1BB237D6217BAF9900421554 /* MedicinaEsteticaController.swift */ = {isa = PBXFileReference; lastKnownFileType = sourcecode.swift; path = MedicinaEsteticaController.swift; sourceTree = "<group>"; };
		1BB5C8BC22000C6D0007B7FC /* CDPIntroController.swift */ = {isa = PBXFileReference; lastKnownFileType = sourcecode.swift; path = CDPIntroController.swift; sourceTree = "<group>"; };
		1BB5C8BE22016DEF0007B7FC /* MECelulitisController.swift */ = {isa = PBXFileReference; lastKnownFileType = sourcecode.swift; path = MECelulitisController.swift; sourceTree = "<group>"; };
		1BB5C8C022016E850007B7FC /* MEReafirmacionMuslosController.swift */ = {isa = PBXFileReference; lastKnownFileType = sourcecode.swift; path = MEReafirmacionMuslosController.swift; sourceTree = "<group>"; };
		1BB5C8C222016ECF0007B7FC /* MEReafirmacionBrazosController.swift */ = {isa = PBXFileReference; lastKnownFileType = sourcecode.swift; path = MEReafirmacionBrazosController.swift; sourceTree = "<group>"; };
		1BB5C8C422016EE90007B7FC /* MELevantamientoController.swift */ = {isa = PBXFileReference; lastKnownFileType = sourcecode.swift; path = MELevantamientoController.swift; sourceTree = "<group>"; };
		1BB5C8C622016F410007B7FC /* CDPOrangeController.swift */ = {isa = PBXFileReference; lastKnownFileType = sourcecode.swift; path = CDPOrangeController.swift; sourceTree = "<group>"; };
		1BB5C8C822016F590007B7FC /* CDPMintController.swift */ = {isa = PBXFileReference; lastKnownFileType = sourcecode.swift; path = CDPMintController.swift; sourceTree = "<group>"; };
		1BB5C8CA220170350007B7FC /* CDPMassageController.swift */ = {isa = PBXFileReference; lastKnownFileType = sourcecode.swift; path = CDPMassageController.swift; sourceTree = "<group>"; };
		1BB5C8CC220170790007B7FC /* CDPHempController.swift */ = {isa = PBXFileReference; lastKnownFileType = sourcecode.swift; path = CDPHempController.swift; sourceTree = "<group>"; };
		1BB5C8CE2202BB4D0007B7FC /* FileStorageService.swift */ = {isa = PBXFileReference; lastKnownFileType = sourcecode.swift; path = FileStorageService.swift; sourceTree = "<group>"; };
		1BBF0FF62186B3DE001381D9 /* EpilepsyController.swift */ = {isa = PBXFileReference; lastKnownFileType = sourcecode.swift; path = EpilepsyController.swift; sourceTree = "<group>"; };
		1BBF0FF821882FFB001381D9 /* AesteticTreatmentsController.swift */ = {isa = PBXFileReference; lastKnownFileType = sourcecode.swift; path = AesteticTreatmentsController.swift; sourceTree = "<group>"; };
		1BBF0FFA2188306C001381D9 /* OneTreatmentController.swift */ = {isa = PBXFileReference; lastKnownFileType = sourcecode.swift; path = OneTreatmentController.swift; sourceTree = "<group>"; };
		1BBF0FFC218C2A31001381D9 /* CPMOne.swift */ = {isa = PBXFileReference; lastKnownFileType = sourcecode.swift; path = CPMOne.swift; sourceTree = "<group>"; };
		1BBF0FFE218C2A81001381D9 /* CPMMany.swift */ = {isa = PBXFileReference; lastKnownFileType = sourcecode.swift; path = CPMMany.swift; sourceTree = "<group>"; };
		1BEE963A218E27D2005E53BC /* template.html */ = {isa = PBXFileReference; lastKnownFileType = text.html; path = template.html; sourceTree = "<group>"; };
		1BEE963C218E3810005E53BC /* output */ = {isa = PBXFileReference; lastKnownFileType = folder; path = output; sourceTree = "<group>"; };
		1BFE586221F5A959001A89D7 /* Service.swift */ = {isa = PBXFileReference; lastKnownFileType = sourcecode.swift; path = Service.swift; sourceTree = "<group>"; };
		1BFE586421F60C12001A89D7 /* ServicesDAO.swift */ = {isa = PBXFileReference; lastKnownFileType = sourcecode.swift; path = ServicesDAO.swift; sourceTree = "<group>"; };
		1BFE586621FCE82F001A89D7 /* AsesoriaNutricionalController.swift */ = {isa = PBXFileReference; lastKnownFileType = sourcecode.swift; path = AsesoriaNutricionalController.swift; sourceTree = "<group>"; };
		1BFE586A21FCE8A8001A89D7 /* AparatologiaController.swift */ = {isa = PBXFileReference; lastKnownFileType = sourcecode.swift; path = AparatologiaController.swift; sourceTree = "<group>"; };
		1BFE586C21FCEE41001A89D7 /* SupervicionMedicaController.swift */ = {isa = PBXFileReference; lastKnownFileType = sourcecode.swift; path = SupervicionMedicaController.swift; sourceTree = "<group>"; };
/* End PBXFileReference section */

/* Begin PBXFrameworksBuildPhase section */
		1B4F7785216EEA080045C8FE /* Frameworks */ = {
			isa = PBXFrameworksBuildPhase;
			buildActionMask = 2147483647;
			files = (
			);
			runOnlyForDeploymentPostprocessing = 0;
		};
		1B4F7799216EEA0A0045C8FE /* Frameworks */ = {
			isa = PBXFrameworksBuildPhase;
			buildActionMask = 2147483647;
			files = (
			);
			runOnlyForDeploymentPostprocessing = 0;
		};
		1B4F77A4216EEA0A0045C8FE /* Frameworks */ = {
			isa = PBXFrameworksBuildPhase;
			buildActionMask = 2147483647;
			files = (
			);
			runOnlyForDeploymentPostprocessing = 0;
		};
/* End PBXFrameworksBuildPhase section */

/* Begin PBXGroup section */
		1B4F777F216EEA080045C8FE = {
			isa = PBXGroup;
			children = (
				1B4F778A216EEA080045C8FE /* App2 */,
				1B4F779F216EEA0A0045C8FE /* App2Tests */,
				1B4F77AA216EEA0A0045C8FE /* App2UITests */,
				1B4F7789216EEA080045C8FE /* Products */,
			);
			sourceTree = "<group>";
		};
		1B4F7789216EEA080045C8FE /* Products */ = {
			isa = PBXGroup;
			children = (
				1B4F7788216EEA080045C8FE /* App2.app */,
				1B4F779C216EEA0A0045C8FE /* App2Tests.xctest */,
				1B4F77A7216EEA0A0045C8FE /* App2UITests.xctest */,
			);
			name = Products;
			sourceTree = "<group>";
		};
		1B4F778A216EEA080045C8FE /* App2 */ = {
			isa = PBXGroup;
			children = (
				1BEE963C218E3810005E53BC /* output */,
				1B4F77C5216F29C10045C8FE /* YoutubeController.swift */,
				1B4F77C8216F29CF0045C8FE /* GalleryController.swift */,
				1B4F778B216EEA080045C8FE /* AppDelegate.swift */,
				1B4F778D216EEA080045C8FE /* ViewController.swift */,
				1B4F778F216EEA080045C8FE /* Main.storyboard */,
				1B4F77C2216F29AD0045C8FE /* FormController.swift */,
				1B4F77B9216F16390045C8FE /* MainViewController.swift */,
				1B4F7794216EEA0A0045C8FE /* LaunchScreen.storyboard */,
				1B25997821BB8FBD00DB4F6C /* Assets.xcassets */,
				1B4F77BC216F27430045C8FE /* Image.imageset */,
				1B4F7797216EEA0A0045C8FE /* Info.plist */,
				1BB237D6217BAF9900421554 /* MedicinaEsteticaController.swift */,
				1BBF0FF62186B3DE001381D9 /* EpilepsyController.swift */,
				1BBF0FF821882FFB001381D9 /* AesteticTreatmentsController.swift */,
				1BBF0FFA2188306C001381D9 /* OneTreatmentController.swift */,
				1BBF0FFC218C2A31001381D9 /* CPMOne.swift */,
				1BBF0FFE218C2A81001381D9 /* CPMMany.swift */,
				1BEE963A218E27D2005E53BC /* template.html */,
				1B956903219FB39C0036571A /* TestViewController1.swift */,
				1B956905219FB3E00036571A /* PageViewController.swift */,
				1B956907219FB4BA0036571A /* TestViewController2.swift */,
				1B956909219FB4CF0036571A /* TestViewController3.swift */,
				1B97E0C021F181C500EB3C1E /* ColocacionGloboController.swift */,
				1BFE586221F5A959001A89D7 /* Service.swift */,
				1BFE586421F60C12001A89D7 /* ServicesDAO.swift */,
				1BFE586621FCE82F001A89D7 /* AsesoriaNutricionalController.swift */,
				1BFE586A21FCE8A8001A89D7 /* AparatologiaController.swift */,
				1BFE586C21FCEE41001A89D7 /* SupervicionMedicaController.swift */,
				1BB5C8BC22000C6D0007B7FC /* CDPIntroController.swift */,
				1BB5C8BE22016DEF0007B7FC /* MECelulitisController.swift */,
				1BB5C8C022016E850007B7FC /* MEReafirmacionMuslosController.swift */,
				1BB5C8C222016ECF0007B7FC /* MEReafirmacionBrazosController.swift */,
				1BB5C8C422016EE90007B7FC /* MELevantamientoController.swift */,
				1BB5C8C622016F410007B7FC /* CDPOrangeController.swift */,
				1BB5C8C822016F590007B7FC /* CDPMintController.swift */,
				1BB5C8CA220170350007B7FC /* CDPMassageController.swift */,
				1BB5C8CC220170790007B7FC /* CDPHempController.swift */,
				1BB5C8CE2202BB4D0007B7FC /* FileStorageService.swift */,
			);
			path = App2;
			sourceTree = "<group>";
		};
		1B4F779F216EEA0A0045C8FE /* App2Tests */ = {
			isa = PBXGroup;
			children = (
				1B4F77A0216EEA0A0045C8FE /* App2Tests.swift */,
				1B4F77A2216EEA0A0045C8FE /* Info.plist */,
			);
			path = App2Tests;
			sourceTree = "<group>";
		};
		1B4F77AA216EEA0A0045C8FE /* App2UITests */ = {
			isa = PBXGroup;
			children = (
				1B4F77AB216EEA0A0045C8FE /* App2UITests.swift */,
				1B4F77AD216EEA0A0045C8FE /* Info.plist */,
			);
			path = App2UITests;
			sourceTree = "<group>";
		};
/* End PBXGroup section */

/* Begin PBXNativeTarget section */
		1B4F7787216EEA080045C8FE /* App2 */ = {
			isa = PBXNativeTarget;
			buildConfigurationList = 1B4F77B0216EEA0A0045C8FE /* Build configuration list for PBXNativeTarget "App2" */;
			buildPhases = (
				1B4F7784216EEA080045C8FE /* Sources */,
				1B4F7785216EEA080045C8FE /* Frameworks */,
				1B4F7786216EEA080045C8FE /* Resources */,
			);
			buildRules = (
			);
			dependencies = (
			);
			name = App2;
			productName = App2;
			productReference = 1B4F7788216EEA080045C8FE /* App2.app */;
			productType = "com.apple.product-type.application";
		};
		1B4F779B216EEA0A0045C8FE /* App2Tests */ = {
			isa = PBXNativeTarget;
			buildConfigurationList = 1B4F77B3216EEA0A0045C8FE /* Build configuration list for PBXNativeTarget "App2Tests" */;
			buildPhases = (
				1B4F7798216EEA0A0045C8FE /* Sources */,
				1B4F7799216EEA0A0045C8FE /* Frameworks */,
				1B4F779A216EEA0A0045C8FE /* Resources */,
			);
			buildRules = (
			);
			dependencies = (
				1B4F779E216EEA0A0045C8FE /* PBXTargetDependency */,
			);
			name = App2Tests;
			productName = App2Tests;
			productReference = 1B4F779C216EEA0A0045C8FE /* App2Tests.xctest */;
			productType = "com.apple.product-type.bundle.unit-test";
		};
		1B4F77A6216EEA0A0045C8FE /* App2UITests */ = {
			isa = PBXNativeTarget;
			buildConfigurationList = 1B4F77B6216EEA0A0045C8FE /* Build configuration list for PBXNativeTarget "App2UITests" */;
			buildPhases = (
				1B4F77A3216EEA0A0045C8FE /* Sources */,
				1B4F77A4216EEA0A0045C8FE /* Frameworks */,
				1B4F77A5216EEA0A0045C8FE /* Resources */,
			);
			buildRules = (
			);
			dependencies = (
				1B4F77A9216EEA0A0045C8FE /* PBXTargetDependency */,
			);
			name = App2UITests;
			productName = App2UITests;
			productReference = 1B4F77A7216EEA0A0045C8FE /* App2UITests.xctest */;
			productType = "com.apple.product-type.bundle.ui-testing";
		};
/* End PBXNativeTarget section */

/* Begin PBXProject section */
		1B4F7780216EEA080045C8FE /* Project object */ = {
			isa = PBXProject;
			attributes = {
				LastSwiftUpdateCheck = 0940;
				LastUpgradeCheck = 0940;
				ORGANIZATIONNAME = "Israel Soto Salcido";
				TargetAttributes = {
					1B4F7787216EEA080045C8FE = {
						CreatedOnToolsVersion = 9.4.1;
					};
					1B4F779B216EEA0A0045C8FE = {
						CreatedOnToolsVersion = 9.4.1;
						TestTargetID = 1B4F7787216EEA080045C8FE;
					};
					1B4F77A6216EEA0A0045C8FE = {
						CreatedOnToolsVersion = 9.4.1;
						TestTargetID = 1B4F7787216EEA080045C8FE;
					};
				};
			};
			buildConfigurationList = 1B4F7783216EEA080045C8FE /* Build configuration list for PBXProject "The Clinic Pain" */;
			compatibilityVersion = "Xcode 9.3";
			developmentRegion = en;
			hasScannedForEncodings = 0;
			knownRegions = (
				en,
				Base,
			);
			mainGroup = 1B4F777F216EEA080045C8FE;
			productRefGroup = 1B4F7789216EEA080045C8FE /* Products */;
			projectDirPath = "";
			projectRoot = "";
			targets = (
				1B4F7787216EEA080045C8FE /* App2 */,
				1B4F779B216EEA0A0045C8FE /* App2Tests */,
				1B4F77A6216EEA0A0045C8FE /* App2UITests */,
			);
		};
/* End PBXProject section */

/* Begin PBXResourcesBuildPhase section */
		1B4F7786216EEA080045C8FE /* Resources */ = {
			isa = PBXResourcesBuildPhase;
			buildActionMask = 2147483647;
			files = (
				1B4F7796216EEA0A0045C8FE /* LaunchScreen.storyboard in Resources */,
				1B4F7791216EEA080045C8FE /* Main.storyboard in Resources */,
				1BEE963B218E27D2005E53BC /* template.html in Resources */,
				1B4F77BD216F27430045C8FE /* Image.imageset in Resources */,
				1B25997921BB8FC200DB4F6C /* Assets.xcassets in Resources */,
				1BEE963D218E3811005E53BC /* output in Resources */,
			);
			runOnlyForDeploymentPostprocessing = 0;
		};
		1B4F779A216EEA0A0045C8FE /* Resources */ = {
			isa = PBXResourcesBuildPhase;
			buildActionMask = 2147483647;
			files = (
			);
			runOnlyForDeploymentPostprocessing = 0;
		};
		1B4F77A5216EEA0A0045C8FE /* Resources */ = {
			isa = PBXResourcesBuildPhase;
			buildActionMask = 2147483647;
			files = (
				1B4F77BE216F27430045C8FE /* Image.imageset in Resources */,
			);
			runOnlyForDeploymentPostprocessing = 0;
		};
/* End PBXResourcesBuildPhase section */

/* Begin PBXSourcesBuildPhase section */
		1B4F7784216EEA080045C8FE /* Sources */ = {
			isa = PBXSourcesBuildPhase;
			buildActionMask = 2147483647;
			files = (
				1B4F77C9216F29CF0045C8FE /* GalleryController.swift in Sources */,
				1BB5C8BD22000C6D0007B7FC /* CDPIntroController.swift in Sources */,
				1BB5C8C322016ECF0007B7FC /* MEReafirmacionBrazosController.swift in Sources */,
				1BFE586B21FCE8A8001A89D7 /* AparatologiaController.swift in Sources */,
				1B956906219FB3E00036571A /* PageViewController.swift in Sources */,
				1B4F77C6216F29C10045C8FE /* YoutubeController.swift in Sources */,
				1BFE586D21FCEE41001A89D7 /* SupervicionMedicaController.swift in Sources */,
				1BBF0FFD218C2A31001381D9 /* CPMOne.swift in Sources */,
				1BBF0FF72186B3DE001381D9 /* EpilepsyController.swift in Sources */,
				1B4F77BA216F16390045C8FE /* MainViewController.swift in Sources */,
				1B97E0C121F181C500EB3C1E /* ColocacionGloboController.swift in Sources */,
				1BB5C8CD2201707A0007B7FC /* CDPHempController.swift in Sources */,
				1BB5C8BF22016DEF0007B7FC /* MECelulitisController.swift in Sources */,
				1BB5C8C522016EE90007B7FC /* MELevantamientoController.swift in Sources */,
				1BB5C8CB220170350007B7FC /* CDPMassageController.swift in Sources */,
				1BFE586321F5A959001A89D7 /* Service.swift in Sources */,
				1B95690A219FB4CF0036571A /* TestViewController3.swift in Sources */,
				1BFE586721FCE82F001A89D7 /* AsesoriaNutricionalController.swift in Sources */,
				1B956908219FB4BA0036571A /* TestViewController2.swift in Sources */,
				1B956904219FB39C0036571A /* TestViewController1.swift in Sources */,
				1BBF0FFF218C2A81001381D9 /* CPMMany.swift in Sources */,
				1BB237D7217BAF9A00421554 /* MedicinaEsteticaController.swift in Sources */,
				1B4F778E216EEA080045C8FE /* ViewController.swift in Sources */,
				1BFE586521F60C12001A89D7 /* ServicesDAO.swift in Sources */,
				1B4F778C216EEA080045C8FE /* AppDelegate.swift in Sources */,
				1BB5C8CF2202BB4D0007B7FC /* FileStorageService.swift in Sources */,
				1BB5C8C722016F410007B7FC /* CDPOrangeController.swift in Sources */,
				1BBF0FFB2188306C001381D9 /* OneTreatmentController.swift in Sources */,
				1B4F77C3216F29AD0045C8FE /* FormController.swift in Sources */,
				1BB5C8C922016F590007B7FC /* CDPMintController.swift in Sources */,
				1BB5C8C122016E850007B7FC /* MEReafirmacionMuslosController.swift in Sources */,
				1BBF0FF921882FFB001381D9 /* AesteticTreatmentsController.swift in Sources */,
			);
			runOnlyForDeploymentPostprocessing = 0;
		};
		1B4F7798216EEA0A0045C8FE /* Sources */ = {
			isa = PBXSourcesBuildPhase;
			buildActionMask = 2147483647;
			files = (
				1B4F77A1216EEA0A0045C8FE /* App2Tests.swift in Sources */,
			);
			runOnlyForDeploymentPostprocessing = 0;
		};
		1B4F77A3216EEA0A0045C8FE /* Sources */ = {
			isa = PBXSourcesBuildPhase;
			buildActionMask = 2147483647;
			files = (
				1B4F77CA216F29CF0045C8FE /* GalleryController.swift in Sources */,
				1B4F77C4216F29AD0045C8FE /* FormController.swift in Sources */,
				1B4F77AC216EEA0A0045C8FE /* App2UITests.swift in Sources */,
				1B4F77BB216F16390045C8FE /* MainViewController.swift in Sources */,
				1B4F77C7216F29C10045C8FE /* YoutubeController.swift in Sources */,
			);
			runOnlyForDeploymentPostprocessing = 0;
		};
/* End PBXSourcesBuildPhase section */

/* Begin PBXTargetDependency section */
		1B4F779E216EEA0A0045C8FE /* PBXTargetDependency */ = {
			isa = PBXTargetDependency;
			target = 1B4F7787216EEA080045C8FE /* App2 */;
			targetProxy = 1B4F779D216EEA0A0045C8FE /* PBXContainerItemProxy */;
		};
		1B4F77A9216EEA0A0045C8FE /* PBXTargetDependency */ = {
			isa = PBXTargetDependency;
			target = 1B4F7787216EEA080045C8FE /* App2 */;
			targetProxy = 1B4F77A8216EEA0A0045C8FE /* PBXContainerItemProxy */;
		};
/* End PBXTargetDependency section */

/* Begin PBXVariantGroup section */
		1B4F778F216EEA080045C8FE /* Main.storyboard */ = {
			isa = PBXVariantGroup;
			children = (
				1B4F7790216EEA080045C8FE /* Base */,
			);
			name = Main.storyboard;
			sourceTree = "<group>";
		};
		1B4F7794216EEA0A0045C8FE /* LaunchScreen.storyboard */ = {
			isa = PBXVariantGroup;
			children = (
				1B4F7795216EEA0A0045C8FE /* Base */,
			);
			name = LaunchScreen.storyboard;
			sourceTree = "<group>";
		};
/* End PBXVariantGroup section */

/* Begin XCBuildConfiguration section */
		1B4F77AE216EEA0A0045C8FE /* Debug */ = {
			isa = XCBuildConfiguration;
			buildSettings = {
				ALWAYS_SEARCH_USER_PATHS = NO;
				CLANG_ANALYZER_NONNULL = YES;
				CLANG_ANALYZER_NUMBER_OBJECT_CONVERSION = YES_AGGRESSIVE;
				CLANG_CXX_LANGUAGE_STANDARD = "gnu++14";
				CLANG_CXX_LIBRARY = "libc++";
				CLANG_ENABLE_MODULES = YES;
				CLANG_ENABLE_OBJC_ARC = YES;
				CLANG_ENABLE_OBJC_WEAK = YES;
				CLANG_WARN_BLOCK_CAPTURE_AUTORELEASING = YES;
				CLANG_WARN_BOOL_CONVERSION = YES;
				CLANG_WARN_COMMA = YES;
				CLANG_WARN_CONSTANT_CONVERSION = YES;
				CLANG_WARN_DEPRECATED_OBJC_IMPLEMENTATIONS = YES;
				CLANG_WARN_DIRECT_OBJC_ISA_USAGE = YES_ERROR;
				CLANG_WARN_DOCUMENTATION_COMMENTS = YES;
				CLANG_WARN_EMPTY_BODY = YES;
				CLANG_WARN_ENUM_CONVERSION = YES;
				CLANG_WARN_INFINITE_RECURSION = YES;
				CLANG_WARN_INT_CONVERSION = YES;
				CLANG_WARN_NON_LITERAL_NULL_CONVERSION = YES;
				CLANG_WARN_OBJC_IMPLICIT_RETAIN_SELF = YES;
				CLANG_WARN_OBJC_LITERAL_CONVERSION = YES;
				CLANG_WARN_OBJC_ROOT_CLASS = YES_ERROR;
				CLANG_WARN_RANGE_LOOP_ANALYSIS = YES;
				CLANG_WARN_STRICT_PROTOTYPES = YES;
				CLANG_WARN_SUSPICIOUS_MOVE = YES;
				CLANG_WARN_UNGUARDED_AVAILABILITY = YES_AGGRESSIVE;
				CLANG_WARN_UNREACHABLE_CODE = YES;
				CLANG_WARN__DUPLICATE_METHOD_MATCH = YES;
				CODE_SIGN_IDENTITY = "iPhone Developer";
				COPY_PHASE_STRIP = NO;
				DEBUG_INFORMATION_FORMAT = dwarf;
				ENABLE_STRICT_OBJC_MSGSEND = YES;
				ENABLE_TESTABILITY = YES;
				GCC_C_LANGUAGE_STANDARD = gnu11;
				GCC_DYNAMIC_NO_PIC = NO;
				GCC_NO_COMMON_BLOCKS = YES;
				GCC_OPTIMIZATION_LEVEL = 0;
				GCC_PREPROCESSOR_DEFINITIONS = (
					"DEBUG=1",
					"$(inherited)",
				);
				GCC_WARN_64_TO_32_BIT_CONVERSION = YES;
				GCC_WARN_ABOUT_RETURN_TYPE = YES_ERROR;
				GCC_WARN_UNDECLARED_SELECTOR = YES;
				GCC_WARN_UNINITIALIZED_AUTOS = YES_AGGRESSIVE;
				GCC_WARN_UNUSED_FUNCTION = YES;
				GCC_WARN_UNUSED_VARIABLE = YES;
				IPHONEOS_DEPLOYMENT_TARGET = 11.2;
				MTL_ENABLE_DEBUG_INFO = YES;
				ONLY_ACTIVE_ARCH = YES;
				SDKROOT = iphoneos;
				SWIFT_ACTIVE_COMPILATION_CONDITIONS = DEBUG;
				SWIFT_OPTIMIZATION_LEVEL = "-Onone";
			};
			name = Debug;
		};
		1B4F77AF216EEA0A0045C8FE /* Release */ = {
			isa = XCBuildConfiguration;
			buildSettings = {
				ALWAYS_SEARCH_USER_PATHS = NO;
				CLANG_ANALYZER_NONNULL = YES;
				CLANG_ANALYZER_NUMBER_OBJECT_CONVERSION = YES_AGGRESSIVE;
				CLANG_CXX_LANGUAGE_STANDARD = "gnu++14";
				CLANG_CXX_LIBRARY = "libc++";
				CLANG_ENABLE_MODULES = YES;
				CLANG_ENABLE_OBJC_ARC = YES;
				CLANG_ENABLE_OBJC_WEAK = YES;
				CLANG_WARN_BLOCK_CAPTURE_AUTORELEASING = YES;
				CLANG_WARN_BOOL_CONVERSION = YES;
				CLANG_WARN_COMMA = YES;
				CLANG_WARN_CONSTANT_CONVERSION = YES;
				CLANG_WARN_DEPRECATED_OBJC_IMPLEMENTATIONS = YES;
				CLANG_WARN_DIRECT_OBJC_ISA_USAGE = YES_ERROR;
				CLANG_WARN_DOCUMENTATION_COMMENTS = YES;
				CLANG_WARN_EMPTY_BODY = YES;
				CLANG_WARN_ENUM_CONVERSION = YES;
				CLANG_WARN_INFINITE_RECURSION = YES;
				CLANG_WARN_INT_CONVERSION = YES;
				CLANG_WARN_NON_LITERAL_NULL_CONVERSION = YES;
				CLANG_WARN_OBJC_IMPLICIT_RETAIN_SELF = YES;
				CLANG_WARN_OBJC_LITERAL_CONVERSION = YES;
				CLANG_WARN_OBJC_ROOT_CLASS = YES_ERROR;
				CLANG_WARN_RANGE_LOOP_ANALYSIS = YES;
				CLANG_WARN_STRICT_PROTOTYPES = YES;
				CLANG_WARN_SUSPICIOUS_MOVE = YES;
				CLANG_WARN_UNGUARDED_AVAILABILITY = YES_AGGRESSIVE;
				CLANG_WARN_UNREACHABLE_CODE = YES;
				CLANG_WARN__DUPLICATE_METHOD_MATCH = YES;
				CODE_SIGN_IDENTITY = "iPhone Developer";
				COPY_PHASE_STRIP = NO;
				DEBUG_INFORMATION_FORMAT = "dwarf-with-dsym";
				ENABLE_NS_ASSERTIONS = NO;
				ENABLE_STRICT_OBJC_MSGSEND = YES;
				GCC_C_LANGUAGE_STANDARD = gnu11;
				GCC_NO_COMMON_BLOCKS = YES;
				GCC_WARN_64_TO_32_BIT_CONVERSION = YES;
				GCC_WARN_ABOUT_RETURN_TYPE = YES_ERROR;
				GCC_WARN_UNDECLARED_SELECTOR = YES;
				GCC_WARN_UNINITIALIZED_AUTOS = YES_AGGRESSIVE;
				GCC_WARN_UNUSED_FUNCTION = YES;
				GCC_WARN_UNUSED_VARIABLE = YES;
				IPHONEOS_DEPLOYMENT_TARGET = 11.2;
				MTL_ENABLE_DEBUG_INFO = NO;
				SDKROOT = iphoneos;
				SWIFT_COMPILATION_MODE = wholemodule;
				SWIFT_OPTIMIZATION_LEVEL = "-O";
				VALIDATE_PRODUCT = YES;
			};
			name = Release;
		};
		1B4F77B1216EEA0A0045C8FE /* Debug */ = {
			isa = XCBuildConfiguration;
			buildSettings = {
				ASSETCATALOG_COMPILER_APPICON_NAME = AppIcon;
				CODE_SIGN_STYLE = Automatic;
				DEVELOPMENT_TEAM = 77UDG2SCJ7;
				INFOPLIST_FILE = App2/Info.plist;
				LD_RUNPATH_SEARCH_PATHS = (
					"$(inherited)",
					"@executable_path/Frameworks",
				);
				PRODUCT_BUNDLE_IDENTIFIER = com.iss.App2;
				PRODUCT_NAME = "$(TARGET_NAME)";
				SWIFT_VERSION = 4.0;
				TARGETED_DEVICE_FAMILY = "1,2";
			};
			name = Debug;
		};
		1B4F77B2216EEA0A0045C8FE /* Release */ = {
			isa = XCBuildConfiguration;
			buildSettings = {
				ASSETCATALOG_COMPILER_APPICON_NAME = AppIcon;
				CODE_SIGN_STYLE = Automatic;
				DEVELOPMENT_TEAM = 77UDG2SCJ7;
				INFOPLIST_FILE = App2/Info.plist;
				LD_RUNPATH_SEARCH_PATHS = (
					"$(inherited)",
					"@executable_path/Frameworks",
				);
				PRODUCT_BUNDLE_IDENTIFIER = com.iss.App2;
				PRODUCT_NAME = "$(TARGET_NAME)";
				SWIFT_VERSION = 4.0;
				TARGETED_DEVICE_FAMILY = "1,2";
			};
			name = Release;
		};
		1B4F77B4216EEA0A0045C8FE /* Debug */ = {
			isa = XCBuildConfiguration;
			buildSettings = {
				ALWAYS_EMBED_SWIFT_STANDARD_LIBRARIES = YES;
				BUNDLE_LOADER = "$(TEST_HOST)";
				CODE_SIGN_STYLE = Automatic;
				DEVELOPMENT_TEAM = 77UDG2SCJ7;
				INFOPLIST_FILE = App2Tests/Info.plist;
				LD_RUNPATH_SEARCH_PATHS = (
					"$(inherited)",
					"@executable_path/Frameworks",
					"@loader_path/Frameworks",
				);
				PRODUCT_BUNDLE_IDENTIFIER = com.iss.App2Tests;
				PRODUCT_NAME = "$(TARGET_NAME)";
				SWIFT_VERSION = 4.0;
				TARGETED_DEVICE_FAMILY = "1,2";
				TEST_HOST = "$(BUILT_PRODUCTS_DIR)/App2.app/App2";
			};
			name = Debug;
		};
		1B4F77B5216EEA0A0045C8FE /* Release */ = {
			isa = XCBuildConfiguration;
			buildSettings = {
				ALWAYS_EMBED_SWIFT_STANDARD_LIBRARIES = YES;
				BUNDLE_LOADER = "$(TEST_HOST)";
				CODE_SIGN_STYLE = Automatic;
				DEVELOPMENT_TEAM = 77UDG2SCJ7;
				INFOPLIST_FILE = App2Tests/Info.plist;
				LD_RUNPATH_SEARCH_PATHS = (
					"$(inherited)",
					"@executable_path/Frameworks",
					"@loader_path/Frameworks",
				);
				PRODUCT_BUNDLE_IDENTIFIER = com.iss.App2Tests;
				PRODUCT_NAME = "$(TARGET_NAME)";
				SWIFT_VERSION = 4.0;
				TARGETED_DEVICE_FAMILY = "1,2";
				TEST_HOST = "$(BUILT_PRODUCTS_DIR)/App2.app/App2";
			};
			name = Release;
		};
		1B4F77B7216EEA0A0045C8FE /* Debug */ = {
			isa = XCBuildConfiguration;
			buildSettings = {
				ALWAYS_EMBED_SWIFT_STANDARD_LIBRARIES = YES;
				CODE_SIGN_STYLE = Automatic;
				DEVELOPMENT_TEAM = 77UDG2SCJ7;
				INFOPLIST_FILE = App2UITests/Info.plist;
				LD_RUNPATH_SEARCH_PATHS = (
					"$(inherited)",
					"@executable_path/Frameworks",
					"@loader_path/Frameworks",
				);
				PRODUCT_BUNDLE_IDENTIFIER = com.iss.App2UITests;
				PRODUCT_NAME = "$(TARGET_NAME)";
				SWIFT_VERSION = 4.0;
				TARGETED_DEVICE_FAMILY = "1,2";
				TEST_TARGET_NAME = App2;
			};
			name = Debug;
		};
		1B4F77B8216EEA0A0045C8FE /* Release */ = {
			isa = XCBuildConfiguration;
			buildSettings = {
				ALWAYS_EMBED_SWIFT_STANDARD_LIBRARIES = YES;
				CODE_SIGN_STYLE = Automatic;
				DEVELOPMENT_TEAM = 77UDG2SCJ7;
				INFOPLIST_FILE = App2UITests/Info.plist;
				LD_RUNPATH_SEARCH_PATHS = (
					"$(inherited)",
					"@executable_path/Frameworks",
					"@loader_path/Frameworks",
				);
				PRODUCT_BUNDLE_IDENTIFIER = com.iss.App2UITests;
				PRODUCT_NAME = "$(TARGET_NAME)";
				SWIFT_VERSION = 4.0;
				TARGETED_DEVICE_FAMILY = "1,2";
				TEST_TARGET_NAME = App2;
			};
			name = Release;
		};
/* End XCBuildConfiguration section */

/* Begin XCConfigurationList section */
		1B4F7783216EEA080045C8FE /* Build configuration list for PBXProject "The Clinic Pain" */ = {
			isa = XCConfigurationList;
			buildConfigurations = (
				1B4F77AE216EEA0A0045C8FE /* Debug */,
				1B4F77AF216EEA0A0045C8FE /* Release */,
			);
			defaultConfigurationIsVisible = 0;
			defaultConfigurationName = Release;
		};
		1B4F77B0216EEA0A0045C8FE /* Build configuration list for PBXNativeTarget "App2" */ = {
			isa = XCConfigurationList;
			buildConfigurations = (
				1B4F77B1216EEA0A0045C8FE /* Debug */,
				1B4F77B2216EEA0A0045C8FE /* Release */,
			);
			defaultConfigurationIsVisible = 0;
			defaultConfigurationName = Release;
		};
		1B4F77B3216EEA0A0045C8FE /* Build configuration list for PBXNativeTarget "App2Tests" */ = {
			isa = XCConfigurationList;
			buildConfigurations = (
				1B4F77B4216EEA0A0045C8FE /* Debug */,
				1B4F77B5216EEA0A0045C8FE /* Release */,
			);
			defaultConfigurationIsVisible = 0;
			defaultConfigurationName = Release;
		};
		1B4F77B6216EEA0A0045C8FE /* Build configuration list for PBXNativeTarget "App2UITests" */ = {
			isa = XCConfigurationList;
			buildConfigurations = (
				1B4F77B7216EEA0A0045C8FE /* Debug */,
				1B4F77B8216EEA0A0045C8FE /* Release */,
			);
			defaultConfigurationIsVisible = 0;
			defaultConfigurationName = Release;
		};
/* End XCConfigurationList section */
	};
	rootObject = 1B4F7780216EEA080045C8FE /* Project object */;
}
